
Microsoft Visual Studio Solution File, Format Version 12.00
# Visual Studio Version 16
VisualStudioVersion = 16.0.30225.117
MinimumVisualStudioVersion = 10.0.40219.1
Project("{FAE04EC0-301F-11D3-BF4B-00C04F79EFBC}") = "testtes6t", "testtes6t.csproj", "{700AE5A0-FF73-470B-9025-AA6A4D7CC1AD}"
EndProject
Global
	GlobalSection(SolutionConfigurationPlatforms) = preSolution
		Debug|Any CPU = Debug|Any CPU
		Release|Any CPU = Release|Any CPU
	EndGlobalSection
	GlobalSection(ProjectConfigurationPlatforms) = postSolution
		{700AE5A0-FF73-470B-9025-AA6A4D7CC1AD}.Debug|Any CPU.ActiveCfg = Debug|Any CPU
		{700AE5A0-FF73-470B-9025-AA6A4D7CC1AD}.Debug|Any CPU.Build.0 = Debug|Any CPU
		{700AE5A0-FF73-470B-9025-AA6A4D7CC1AD}.Release|Any CPU.ActiveCfg = Release|Any CPU
		{700AE5A0-FF73-470B-9025-AA6A4D7CC1AD}.Release|Any CPU.Build.0 = Release|Any CPU
	EndGlobalSection
	GlobalSection(SolutionProperties) = preSolution
		HideSolutionNode = FALSE
	EndGlobalSection
	GlobalSection(ExtensibilityGlobals) = postSolution
		SolutionGuid = {F91079FC-21D0-43D9-95B6-3DE493542565}
	EndGlobalSection
EndGlobal
